
Microsoft Visual Studio Solution File, Format Version 12.00
# Visual Studio 15
VisualStudioVersion = 15.0.28307.757
MinimumVisualStudioVersion = 10.0.40219.1
Project("{9A19103F-16F7-4668-BE54-9A1E7A4F7556}") = "RestAPIBlog", "RestAPIBlog\RestAPIBlog.csproj", "{9046BBD0-141C-4606-A492-164E1FF9DAAE}"
EndProject
Global
	GlobalSection(SolutionConfigurationPlatforms) = preSolution
		Debug|Any CPU = Debug|Any CPU
		Release|Any CPU = Release|Any CPU
	EndGlobalSection
	GlobalSection(ProjectConfigurationPlatforms) = postSolution
		{9046BBD0-141C-4606-A492-164E1FF9DAAE}.Debug|Any CPU.ActiveCfg = Debug|Any CPU
		{9046BBD0-141C-4606-A492-164E1FF9DAAE}.Debug|Any CPU.Build.0 = Debug|Any CPU
		{9046BBD0-141C-4606-A492-164E1FF9DAAE}.Release|Any CPU.ActiveCfg = Release|Any CPU
		{9046BBD0-141C-4606-A492-164E1FF9DAAE}.Release|Any CPU.Build.0 = Release|Any CPU
	EndGlobalSection
	GlobalSection(SolutionProperties) = preSolution
		HideSolutionNode = FALSE
	EndGlobalSection
	GlobalSection(ExtensibilityGlobals) = postSolution
		SolutionGuid = {11A6603F-D06A-4802-8698-7015A275A166}
	EndGlobalSection
EndGlobal
